
Microsoft Visual Studio Solution File, Format Version 12.00
# Visual Studio Version 17
VisualStudioVersion = 17.0.32014.148
MinimumVisualStudioVersion = 10.0.40219.1
Project("{FAE04EC0-301F-11D3-BF4B-00C04F79EFBC}") = "WindowsFormsApp1", "WindowsFormsApp1\WindowsFormsApp1.csproj", "{F289481C-2662-4AA7-B685-76DEBFB7E203}"
EndProject
Global
	GlobalSection(SolutionConfigurationPlatforms) = preSolution
		Debug|Any CPU = Debug|Any CPU
		Release|Any CPU = Release|Any CPU
	EndGlobalSection
	GlobalSection(ProjectConfigurationPlatforms) = postSolution
		{F289481C-2662-4AA7-B685-76DEBFB7E203}.Debug|Any CPU.ActiveCfg = Debug|Any CPU
		{F289481C-2662-4AA7-B685-76DEBFB7E203}.Debug|Any CPU.Build.0 = Debug|Any CPU
		{F289481C-2662-4AA7-B685-76DEBFB7E203}.Release|Any CPU.ActiveCfg = Release|Any CPU
		{F289481C-2662-4AA7-B685-76DEBFB7E203}.Release|Any CPU.Build.0 = Release|Any CPU
	EndGlobalSection
	GlobalSection(SolutionProperties) = preSolution
		HideSolutionNode = FALSE
	EndGlobalSection
	GlobalSection(ExtensibilityGlobals) = postSolution
		SolutionGuid = {029CF97D-BD41-4D0F-9EE7-B1C93F791DA9}
	EndGlobalSection
EndGlobal
